{
    "_readme": [
        "This file locks the dependencies of your project to a known state",
        "Read more about it at https://getcomposer.org/doc/01-basic-usage.md#installing-dependencies",
        "This file is @generated automatically"
    ],
    "content-hash": "4e92c3658ff68fbaa7d9f2d0e1c5849c",
    "packages": [
        {
            "name": "ircmaxell/password-compat",
            "version": "v1.0.4",
            "source": {
                "type": "git",
                "url": "https://github.com/ircmaxell/password_compat.git",
                "reference": "5c5cde8822a69545767f7c7f3058cb15ff84614c"
            },
            "dist": {
                "type": "zip",
                "url": "https://api.github.com/repos/ircmaxell/password_compat/zipball/5c5cde8822a69545767f7c7f3058cb15ff84614c",
                "reference": "5c5cde8822a69545767f7c7f3058cb15ff84614c",
                "shasum": ""
            },
            "require-dev": {
                "phpunit/phpunit": "4.*"
            },
            "type": "library",
            "autoload": {
                "files": [
                    "lib/password.php"
                ]
            },
            "notification-url": "https://packagist.org/downloads/",
            "license": [
                "MIT"
            ],
            "authors": [
                {
                    "name": "Anthony Ferrara",
                    "email": "ircmaxell@php.net",
                    "homepage": "http://blog.ircmaxell.com"
                }
            ],
            "description": "A compatibility library for the proposed simplified password hashing algorithm: https://wiki.php.net/rfc/password_hash",
            "homepage": "https://github.com/ircmaxell/password_compat",
            "keywords": [
                "hashing",
                "password"
            ],
            "support": {
                "issues": "https://github.com/ircmaxell/password_compat/issues",
                "source": "https://github.com/ircmaxell/password_compat/tree/v1.0"
            },
            "time": "2014-11-20T16:49:30+00:00"
        },
        {
            "name": "ismail0234/pdodatabase",
            "version": "v2.1.0",
            "source": {
                "type": "git",
                "url": "https://github.com/ismail0234/pdodatabase.git",
                "reference": "dd3a0e3eb238d3f086cf8a14d7c260674ed37e4a"
            },
            "dist": {
                "type": "zip",
                "url": "https://api.github.com/repos/ismail0234/pdodatabase/zipball/dd3a0e3eb238d3f086cf8a14d7c260674ed37e4a",
                "reference": "dd3a0e3eb238d3f086cf8a14d7c260674ed37e4a",
                "shasum": ""
            },
            "type": "library",
            "autoload": {
                "psr-4": {
                    "IS\\QueryBuilder\\Database\\": "IS/QueryBuilder/Database"
                }
            },
            "notification-url": "https://packagist.org/downloads/",
            "license": [
                "GPL-3.0"
            ],
            "authors": [
                {
                    "name": "Ismail Satilmis",
                    "email": "ismaiil_0234@hotmail.com",
                    "homepage": "https://github.com/ismail0234/pdodatabase",
                    "role": "Owner and Developer"
                }
            ],
            "description": "pdo easy and fast speed framework strong database class.",
            "homepage": "https://github.com/ismail0234/pdodatabase",
            "keywords": [
                "bot benson",
                "database class",
                "pdo database",
                "pdo strong database class"
            ],
            "support": {
                "issues": "https://github.com/ismail0234/pdodatabase/issues",
                "source": "https://github.com/ismail0234/pdodatabase/tree/v2.1.0"
            },
            "time": "2020-03-10T09:49:44+00:00"
        },
        {
            "name": "twbs/bootstrap",
            "version": "v5.0.1",
            "source": {
                "type": "git",
                "url": "https://github.com/twbs/bootstrap.git",
                "reference": "58b1be927f43c779377e478df2d119f2ddf956ca"
            },
            "dist": {
                "type": "zip",
                "url": "https://api.github.com/repos/twbs/bootstrap/zipball/58b1be927f43c779377e478df2d119f2ddf956ca",
                "reference": "58b1be927f43c779377e478df2d119f2ddf956ca",
                "shasum": ""
            },
            "replace": {
                "twitter/bootstrap": "self.version"
            },
            "type": "library",
            "notification-url": "https://packagist.org/downloads/",
            "license": [
                "MIT"
            ],
            "authors": [
                {
                    "name": "Mark Otto",
                    "email": "markdotto@gmail.com"
                },
                {
                    "name": "Jacob Thornton",
                    "email": "jacobthornton@gmail.com"
                }
            ],
            "description": "The most popular front-end framework for developing responsive, mobile first projects on the web.",
            "homepage": "https://getbootstrap.com/",
            "keywords": [
                "JS",
                "css",
                "framework",
                "front-end",
                "mobile-first",
                "responsive",
                "sass",
                "web"
            ],
            "support": {
                "issues": "https://github.com/twbs/bootstrap/issues",
                "source": "https://github.com/twbs/bootstrap/tree/v5.0.1"
            },
            "funding": [
                {
                    "url": "https://opencollective.com/bootstrap",
                    "type": "open_collective"
                }
            ],
            "time": "2021-05-13T16:22:20+00:00"
        }
    ],
    "packages-dev": [],
    "aliases": [],
    "minimum-stability": "stable",
    "stability-flags": [],
    "prefer-stable": false,
    "prefer-lowest": false,
    "platform": [],
    "platform-dev": [],
    "plugin-api-version": "2.0.0"
}
